
Microsoft Visual Studio Solution File, Format Version 12.00
# Visual Studio 14
VisualStudioVersion = 14.0.23107.0
MinimumVisualStudioVersion = 10.0.40219.1
Project("{FAE04EC0-301F-11D3-BF4B-00C04F79EFBC}") = "OMInsurance.BusinessLogic", "OMInsurance.BusinessLogic\OMInsurance.BusinessLogic.csproj", "{C55CE709-ACA3-4727-A0F3-665BFC986790}"
EndProject
Project("{FAE04EC0-301F-11D3-BF4B-00C04F79EFBC}") = "OMInsurance.DataAccess", "OMInsurance.DataAccess\OMInsurance.DataAccess.csproj", "{1B4472F9-CA26-4296-9F66-5010C795DA1A}"
EndProject
Project("{FAE04EC0-301F-11D3-BF4B-00C04F79EFBC}") = "OMInsurance.Entities", "OMInsurance.Entities\OMInsurance.Entities.csproj", "{88F8110F-5870-48DF-89D7-A14F9B7EFC1A}"
EndProject
Project("{FAE04EC0-301F-11D3-BF4B-00C04F79EFBC}") = "OMInsurance.Interfaces", "OMInsurance.Interfaces\OMInsurance.Interfaces.csproj", "{10DAF551-9369-4B8B-B94D-AEC6815A8504}"
EndProject
Project("{FAE04EC0-301F-11D3-BF4B-00C04F79EFBC}") = "OMInsurance.WebApps", "OMInsurance.WebApps\OMInsurance.WebApps.csproj", "{7713AE62-3201-4D29-BC55-A3B2C58DF15A}"
EndProject
Project("{FAE04EC0-301F-11D3-BF4B-00C04F79EFBC}") = "OMInsurance.Tests.Client", "OMInsurance.Tests.Client\OMInsurance.Tests.Client.csproj", "{41B211B1-14A8-4EF8-8CA0-3F78FD61A0FA}"
EndProject
Project("{FAE04EC0-301F-11D3-BF4B-00C04F79EFBC}") = "OMInsurance.Tests.Generation", "OMInsurance.Tests.Generation\OMInsurance.Tests.Generation.csproj", "{878DA442-90BC-4803-8020-CEB4D4E038BC}"
EndProject
Project("{FAE04EC0-301F-11D3-BF4B-00C04F79EFBC}") = "OMInsurance.DBUtils", "OMInsurance.DBUtils\OMInsurance.DBUtils.csproj", "{2DA608A9-622A-41AD-80A6-E9D6E146C3BC}"
EndProject
Project("{FAE04EC0-301F-11D3-BF4B-00C04F79EFBC}") = "OMInsurance.Utils", "OMInsurance.Utils\OMInsurance.Utils.csproj", "{88B9882A-92C7-4C07-B19C-2362022D7750}"
EndProject
Project("{FAE04EC0-301F-11D3-BF4B-00C04F79EFBC}") = "OMInsurance.Log", "OMInsurance.Log\OMInsurance.Log.csproj", "{B77A01F9-35C1-4DFF-B5E4-C7900F9F7637}"
EndProject
Project("{FAE04EC0-301F-11D3-BF4B-00C04F79EFBC}") = "OMInsurance.Configuration", "OMInsurance.Configuration\OMInsurance.Configuration.csproj", "{CBCDBD33-86EA-43BC-AA9E-5D1B5A02893F}"
EndProject
Project("{FAE04EC0-301F-11D3-BF4B-00C04F79EFBC}") = "OMInsurance.PrintedForms", "OMInsurance.PrintedForms\OMInsurance.PrintedForms.csproj", "{BC355A7B-5CE6-4344-A700-559221A3C16F}"
EndProject
Project("{FAE04EC0-301F-11D3-BF4B-00C04F79EFBC}") = "OMInsurance.Migration", "OMInsurance.Migration\OMInsurance.Migration.csproj", "{4489CB72-FBBA-4C7A-9419-78499F79BAC3}"
EndProject
Project("{FAE04EC0-301F-11D3-BF4B-00C04F79EFBC}") = "OmInsurance.FundPackages", "OmInsurance.FundPackages\OmInsurance.FundPackages.csproj", "{8A203952-6222-45B5-BE19-63C91F04E738}"
EndProject
Project("{FAE04EC0-301F-11D3-BF4B-00C04F79EFBC}") = "OMInsurance.SmsSender", "OMInsurance.SmsSender\OMInsurance.SmsSender.csproj", "{64140243-496A-47CF-A84B-8A54BF99AB0A}"
EndProject
Project("{FAE04EC0-301F-11D3-BF4B-00C04F79EFBC}") = "OmInsurance.References", "OmInsurance.References\OmInsurance.References.csproj", "{EDC3E469-5BE8-4902-837D-25B60C4C70C3}"
EndProject
Project("{FAE04EC0-301F-11D3-BF4B-00C04F79EFBC}") = "OMInsurance.SmsWindowsService", "OMInsurance.SmsWindowsService\OMInsurance.SmsWindowsService.csproj", "{FC73B192-2D75-479C-8C6A-4A625BE50CDC}"
EndProject
Project("{FAE04EC0-301F-11D3-BF4B-00C04F79EFBC}") = "OMInsurance.LoadRegionData", "OMInsurance.LoadRegionData\OMInsurance.LoadRegionData.csproj", "{90AF9B1B-4F70-4BED-9006-421EFF641358}"
EndProject
Global
	GlobalSection(SolutionConfigurationPlatforms) = preSolution
		Debug|Any CPU = Debug|Any CPU
		Release|Any CPU = Release|Any CPU
	EndGlobalSection
	GlobalSection(ProjectConfigurationPlatforms) = postSolution
		{C55CE709-ACA3-4727-A0F3-665BFC986790}.Debug|Any CPU.ActiveCfg = Debug|Any CPU
		{C55CE709-ACA3-4727-A0F3-665BFC986790}.Debug|Any CPU.Build.0 = Debug|Any CPU
		{C55CE709-ACA3-4727-A0F3-665BFC986790}.Release|Any CPU.ActiveCfg = Release|Any CPU
		{C55CE709-ACA3-4727-A0F3-665BFC986790}.Release|Any CPU.Build.0 = Release|Any CPU
		{1B4472F9-CA26-4296-9F66-5010C795DA1A}.Debug|Any CPU.ActiveCfg = Debug|Any CPU
		{1B4472F9-CA26-4296-9F66-5010C795DA1A}.Debug|Any CPU.Build.0 = Debug|Any CPU
		{1B4472F9-CA26-4296-9F66-5010C795DA1A}.Release|Any CPU.ActiveCfg = Release|Any CPU
		{1B4472F9-CA26-4296-9F66-5010C795DA1A}.Release|Any CPU.Build.0 = Release|Any CPU
		{88F8110F-5870-48DF-89D7-A14F9B7EFC1A}.Debug|Any CPU.ActiveCfg = Debug|Any CPU
		{88F8110F-5870-48DF-89D7-A14F9B7EFC1A}.Debug|Any CPU.Build.0 = Debug|Any CPU
		{88F8110F-5870-48DF-89D7-A14F9B7EFC1A}.Debug|Any CPU.Deploy.0 = Debug|Any CPU
		{88F8110F-5870-48DF-89D7-A14F9B7EFC1A}.Release|Any CPU.ActiveCfg = Release|Any CPU
		{88F8110F-5870-48DF-89D7-A14F9B7EFC1A}.Release|Any CPU.Build.0 = Release|Any CPU
		{10DAF551-9369-4B8B-B94D-AEC6815A8504}.Debug|Any CPU.ActiveCfg = Debug|Any CPU
		{10DAF551-9369-4B8B-B94D-AEC6815A8504}.Debug|Any CPU.Build.0 = Debug|Any CPU
		{10DAF551-9369-4B8B-B94D-AEC6815A8504}.Release|Any CPU.ActiveCfg = Release|Any CPU
		{10DAF551-9369-4B8B-B94D-AEC6815A8504}.Release|Any CPU.Build.0 = Release|Any CPU
		{7713AE62-3201-4D29-BC55-A3B2C58DF15A}.Debug|Any CPU.ActiveCfg = Debug|Any CPU
		{7713AE62-3201-4D29-BC55-A3B2C58DF15A}.Debug|Any CPU.Build.0 = Debug|Any CPU
		{7713AE62-3201-4D29-BC55-A3B2C58DF15A}.Release|Any CPU.ActiveCfg = Release|Any CPU
		{7713AE62-3201-4D29-BC55-A3B2C58DF15A}.Release|Any CPU.Build.0 = Release|Any CPU
		{41B211B1-14A8-4EF8-8CA0-3F78FD61A0FA}.Debug|Any CPU.ActiveCfg = Debug|Any CPU
		{41B211B1-14A8-4EF8-8CA0-3F78FD61A0FA}.Debug|Any CPU.Build.0 = Debug|Any CPU
		{41B211B1-14A8-4EF8-8CA0-3F78FD61A0FA}.Release|Any CPU.ActiveCfg = Release|Any CPU
		{41B211B1-14A8-4EF8-8CA0-3F78FD61A0FA}.Release|Any CPU.Build.0 = Release|Any CPU
		{878DA442-90BC-4803-8020-CEB4D4E038BC}.Debug|Any CPU.ActiveCfg = Debug|Any CPU
		{878DA442-90BC-4803-8020-CEB4D4E038BC}.Debug|Any CPU.Build.0 = Debug|Any CPU
		{878DA442-90BC-4803-8020-CEB4D4E038BC}.Release|Any CPU.ActiveCfg = Release|Any CPU
		{878DA442-90BC-4803-8020-CEB4D4E038BC}.Release|Any CPU.Build.0 = Release|Any CPU
		{2DA608A9-622A-41AD-80A6-E9D6E146C3BC}.Debug|Any CPU.ActiveCfg = Debug|Any CPU
		{2DA608A9-622A-41AD-80A6-E9D6E146C3BC}.Debug|Any CPU.Build.0 = Debug|Any CPU
		{2DA608A9-622A-41AD-80A6-E9D6E146C3BC}.Release|Any CPU.ActiveCfg = Release|Any CPU
		{2DA608A9-622A-41AD-80A6-E9D6E146C3BC}.Release|Any CPU.Build.0 = Release|Any CPU
		{88B9882A-92C7-4C07-B19C-2362022D7750}.Debug|Any CPU.ActiveCfg = Debug|Any CPU
		{88B9882A-92C7-4C07-B19C-2362022D7750}.Debug|Any CPU.Build.0 = Debug|Any CPU
		{88B9882A-92C7-4C07-B19C-2362022D7750}.Release|Any CPU.ActiveCfg = Release|Any CPU
		{88B9882A-92C7-4C07-B19C-2362022D7750}.Release|Any CPU.Build.0 = Release|Any CPU
		{B77A01F9-35C1-4DFF-B5E4-C7900F9F7637}.Debug|Any CPU.ActiveCfg = Debug|Any CPU
		{B77A01F9-35C1-4DFF-B5E4-C7900F9F7637}.Debug|Any CPU.Build.0 = Debug|Any CPU
		{B77A01F9-35C1-4DFF-B5E4-C7900F9F7637}.Release|Any CPU.ActiveCfg = Release|Any CPU
		{B77A01F9-35C1-4DFF-B5E4-C7900F9F7637}.Release|Any CPU.Build.0 = Release|Any CPU
		{CBCDBD33-86EA-43BC-AA9E-5D1B5A02893F}.Debug|Any CPU.ActiveCfg = Debug|Any CPU
		{CBCDBD33-86EA-43BC-AA9E-5D1B5A02893F}.Debug|Any CPU.Build.0 = Debug|Any CPU
		{CBCDBD33-86EA-43BC-AA9E-5D1B5A02893F}.Release|Any CPU.ActiveCfg = Release|Any CPU
		{CBCDBD33-86EA-43BC-AA9E-5D1B5A02893F}.Release|Any CPU.Build.0 = Release|Any CPU
		{BC355A7B-5CE6-4344-A700-559221A3C16F}.Debug|Any CPU.ActiveCfg = Debug|Any CPU
		{BC355A7B-5CE6-4344-A700-559221A3C16F}.Debug|Any CPU.Build.0 = Debug|Any CPU
		{BC355A7B-5CE6-4344-A700-559221A3C16F}.Release|Any CPU.ActiveCfg = Release|Any CPU
		{BC355A7B-5CE6-4344-A700-559221A3C16F}.Release|Any CPU.Build.0 = Release|Any CPU
		{4489CB72-FBBA-4C7A-9419-78499F79BAC3}.Debug|Any CPU.ActiveCfg = Debug|Any CPU
		{4489CB72-FBBA-4C7A-9419-78499F79BAC3}.Debug|Any CPU.Build.0 = Debug|Any CPU
		{4489CB72-FBBA-4C7A-9419-78499F79BAC3}.Release|Any CPU.ActiveCfg = Release|Any CPU
		{4489CB72-FBBA-4C7A-9419-78499F79BAC3}.Release|Any CPU.Build.0 = Release|Any CPU
		{8A203952-6222-45B5-BE19-63C91F04E738}.Debug|Any CPU.ActiveCfg = Debug|Any CPU
		{8A203952-6222-45B5-BE19-63C91F04E738}.Debug|Any CPU.Build.0 = Debug|Any CPU
		{8A203952-6222-45B5-BE19-63C91F04E738}.Release|Any CPU.ActiveCfg = Release|Any CPU
		{8A203952-6222-45B5-BE19-63C91F04E738}.Release|Any CPU.Build.0 = Release|Any CPU
		{64140243-496A-47CF-A84B-8A54BF99AB0A}.Debug|Any CPU.ActiveCfg = Debug|Any CPU
		{64140243-496A-47CF-A84B-8A54BF99AB0A}.Debug|Any CPU.Build.0 = Debug|Any CPU
		{64140243-496A-47CF-A84B-8A54BF99AB0A}.Release|Any CPU.ActiveCfg = Release|Any CPU
		{64140243-496A-47CF-A84B-8A54BF99AB0A}.Release|Any CPU.Build.0 = Release|Any CPU
		{EDC3E469-5BE8-4902-837D-25B60C4C70C3}.Debug|Any CPU.ActiveCfg = Debug|Any CPU
		{EDC3E469-5BE8-4902-837D-25B60C4C70C3}.Debug|Any CPU.Build.0 = Debug|Any CPU
		{EDC3E469-5BE8-4902-837D-25B60C4C70C3}.Release|Any CPU.ActiveCfg = Release|Any CPU
		{EDC3E469-5BE8-4902-837D-25B60C4C70C3}.Release|Any CPU.Build.0 = Release|Any CPU
		{FC73B192-2D75-479C-8C6A-4A625BE50CDC}.Debug|Any CPU.ActiveCfg = Debug|Any CPU
		{FC73B192-2D75-479C-8C6A-4A625BE50CDC}.Debug|Any CPU.Build.0 = Debug|Any CPU
		{FC73B192-2D75-479C-8C6A-4A625BE50CDC}.Release|Any CPU.ActiveCfg = Release|Any CPU
		{FC73B192-2D75-479C-8C6A-4A625BE50CDC}.Release|Any CPU.Build.0 = Release|Any CPU
		{90AF9B1B-4F70-4BED-9006-421EFF641358}.Debug|Any CPU.ActiveCfg = Debug|Any CPU
		{90AF9B1B-4F70-4BED-9006-421EFF641358}.Debug|Any CPU.Build.0 = Debug|Any CPU
		{90AF9B1B-4F70-4BED-9006-421EFF641358}.Release|Any CPU.ActiveCfg = Release|Any CPU
		{90AF9B1B-4F70-4BED-9006-421EFF641358}.Release|Any CPU.Build.0 = Release|Any CPU
	EndGlobalSection
	GlobalSection(SolutionProperties) = preSolution
		HideSolutionNode = FALSE
	EndGlobalSection
	GlobalSection(TeamFoundationVersionControl) = preSolution
		SccNumberOfProjects = 19
		SccEnterpriseProvider = {4CA58AB2-18FA-4F8D-95D4-32DDF27D184C}
		SccTeamFoundationServer = http://msk01-miotst01.uralsibins.ru:8080/tfs/defaultcollection
		SccLocalPath0 = .
		SccProjectUniqueName1 = OMInsurance.BusinessLogic\\OMInsurance.BusinessLogic.csproj
		SccProjectName1 = OMInsurance.BusinessLogic
		SccLocalPath1 = OMInsurance.BusinessLogic
		SccProjectUniqueName2 = OMInsurance.DataAccess\\OMInsurance.DataAccess.csproj
		SccProjectName2 = OMInsurance.DataAccess
		SccLocalPath2 = OMInsurance.DataAccess
		SccProjectUniqueName3 = OMInsurance.Entities\\OMInsurance.Entities.csproj
		SccProjectName3 = OMInsurance.Entities
		SccLocalPath3 = OMInsurance.Entities
		SccProjectUniqueName4 = OMInsurance.Interfaces\\OMInsurance.Interfaces.csproj
		SccProjectName4 = OMInsurance.Interfaces
		SccLocalPath4 = OMInsurance.Interfaces
		SccProjectUniqueName5 = OMInsurance.WebApps\\OMInsurance.WebApps.csproj
		SccProjectName5 = OMInsurance.WebApps
		SccLocalPath5 = OMInsurance.WebApps
		SccProjectUniqueName6 = OMInsurance.Tests.Client\\OMInsurance.Tests.Client.csproj
		SccProjectName6 = OMInsurance.Tests.Client
		SccLocalPath6 = OMInsurance.Tests.Client
		SccProjectUniqueName7 = OMInsurance.Tests.Generation\\OMInsurance.Tests.Generation.csproj
		SccProjectName7 = OMInsurance.Tests.Generation
		SccLocalPath7 = OMInsurance.Tests.Generation
		SccProjectUniqueName8 = OMInsurance.DBUtils\\OMInsurance.DBUtils.csproj
		SccProjectName8 = OMInsurance.DBUtils
		SccLocalPath8 = OMInsurance.DBUtils
		SccProjectUniqueName9 = OMInsurance.Utils\\OMInsurance.Utils.csproj
		SccProjectName9 = OMInsurance.Utils
		SccLocalPath9 = OMInsurance.Utils
		SccProjectUniqueName10 = OMInsurance.Log\\OMInsurance.Log.csproj
		SccProjectName10 = OMInsurance.Log
		SccLocalPath10 = OMInsurance.Log
		SccProjectUniqueName11 = OMInsurance.Configuration\\OMInsurance.Configuration.csproj
		SccProjectName11 = OMInsurance.Configuration
		SccLocalPath11 = OMInsurance.Configuration
		SccProjectUniqueName12 = OMInsurance.PrintedForms\\OMInsurance.PrintedForms.csproj
		SccProjectName12 = OMInsurance.PrintedForms
		SccLocalPath12 = OMInsurance.PrintedForms
		SccProjectUniqueName13 = OMInsurance.Migration\\OMInsurance.Migration.csproj
		SccProjectName13 = OMInsurance.Migration
		SccLocalPath13 = OMInsurance.Migration
		SccProjectUniqueName14 = OmInsurance.FundPackages\\OmInsurance.FundPackages.csproj
		SccProjectName14 = OmInsurance.FundPackages
		SccLocalPath14 = OmInsurance.FundPackages
		SccProjectUniqueName15 = OMInsurance.SmsSender\\OMInsurance.SmsSender.csproj
		SccProjectName15 = OMInsurance.SmsSender
		SccLocalPath15 = OMInsurance.SmsSender
		SccProjectUniqueName16 = OmInsurance.References\\OmInsurance.References.csproj
		SccProjectName16 = OmInsurance.References
		SccLocalPath16 = OmInsurance.References
		SccProjectUniqueName17 = OMInsurance.SmsWindowsService\\OMInsurance.SmsWindowsService.csproj
		SccProjectName17 = OMInsurance.SmsWindowsService
		SccLocalPath17 = OMInsurance.SmsWindowsService
		SccProjectUniqueName18 = OMInsurance.LoadRegionData\\OMInsurance.LoadRegionData.csproj
		SccProjectName18 = OMInsurance.LoadRegionData
		SccLocalPath18 = OMInsurance.LoadRegionData
	EndGlobalSection
EndGlobal
